
Microsoft Visual Studio Solution File, Format Version 12.00
# Visual Studio 15
VisualStudioVersion = 15.0.28307.539
MinimumVisualStudioVersion = 10.0.40219.1
Project("{9A19103F-16F7-4668-BE54-9A1E7A4F7556}") = "AzureSearchExample", "AzureSearchExample\AzureSearchExample.csproj", "{B98BA135-9BC4-4512-9568-16DC3C53B77F}"
EndProject
Project("{9A19103F-16F7-4668-BE54-9A1E7A4F7556}") = "AzureSearchExample.Tests", "AzureSearchExample.Tests\AzureSearchExample.Tests.csproj", "{F6934D05-68DD-4FED-9D82-E05415B76E37}"
EndProject
Project("{2150E333-8FDC-42A3-9474-1A3956D46DE8}") = "Solution", "Solution", "{32AEEF8C-8682-42E0-ADEF-610D4B787A74}"
	ProjectSection(SolutionItems) = preProject
		.gitignore = .gitignore
		appveyor.yml = appveyor.yml
		README.md = README.md
	EndProjectSection
EndProject
Global
	GlobalSection(SolutionConfigurationPlatforms) = preSolution
		Debug|Any CPU = Debug|Any CPU
		Release|Any CPU = Release|Any CPU
	EndGlobalSection
	GlobalSection(ProjectConfigurationPlatforms) = postSolution
		{B98BA135-9BC4-4512-9568-16DC3C53B77F}.Debug|Any CPU.ActiveCfg = Debug|Any CPU
		{B98BA135-9BC4-4512-9568-16DC3C53B77F}.Debug|Any CPU.Build.0 = Debug|Any CPU
		{B98BA135-9BC4-4512-9568-16DC3C53B77F}.Release|Any CPU.ActiveCfg = Release|Any CPU
		{B98BA135-9BC4-4512-9568-16DC3C53B77F}.Release|Any CPU.Build.0 = Release|Any CPU
		{F6934D05-68DD-4FED-9D82-E05415B76E37}.Debug|Any CPU.ActiveCfg = Debug|Any CPU
		{F6934D05-68DD-4FED-9D82-E05415B76E37}.Debug|Any CPU.Build.0 = Debug|Any CPU
		{F6934D05-68DD-4FED-9D82-E05415B76E37}.Release|Any CPU.ActiveCfg = Release|Any CPU
		{F6934D05-68DD-4FED-9D82-E05415B76E37}.Release|Any CPU.Build.0 = Release|Any CPU
	EndGlobalSection
	GlobalSection(SolutionProperties) = preSolution
		HideSolutionNode = FALSE
	EndGlobalSection
	GlobalSection(ExtensibilityGlobals) = postSolution
		SolutionGuid = {C0389A78-0B99-4C0B-9DC7-6ABFF2F53703}
	EndGlobalSection
EndGlobal
